
Microsoft Visual Studio Solution File, Format Version 12.00
# Visual Studio Version 16
VisualStudioVersion = 16.0.30114.105
MinimumVisualStudioVersion = 10.0.40219.1
Project("{FAE04EC0-301F-11D3-BF4B-00C04F79EFBC}") = "Designpatters.Strategy", "Designpatters.Strategy\Designpatters.Strategy.csproj", "{0E9DDEF8-8D55-4FB2-9FD0-B648E84CE175}"
EndProject
Global
	GlobalSection(SolutionConfigurationPlatforms) = preSolution
		Debug|Any CPU = Debug|Any CPU
		Release|Any CPU = Release|Any CPU
	EndGlobalSection
	GlobalSection(ProjectConfigurationPlatforms) = postSolution
		{0E9DDEF8-8D55-4FB2-9FD0-B648E84CE175}.Debug|Any CPU.ActiveCfg = Debug|Any CPU
		{0E9DDEF8-8D55-4FB2-9FD0-B648E84CE175}.Debug|Any CPU.Build.0 = Debug|Any CPU
		{0E9DDEF8-8D55-4FB2-9FD0-B648E84CE175}.Release|Any CPU.ActiveCfg = Release|Any CPU
		{0E9DDEF8-8D55-4FB2-9FD0-B648E84CE175}.Release|Any CPU.Build.0 = Release|Any CPU
	EndGlobalSection
	GlobalSection(SolutionProperties) = preSolution
		HideSolutionNode = FALSE
	EndGlobalSection
	GlobalSection(ExtensibilityGlobals) = postSolution
		SolutionGuid = {D20DEA1C-25BC-4A5A-86A2-5FD8959F2FA0}
	EndGlobalSection
EndGlobal
